
Microsoft Visual Studio Solution File, Format Version 12.00
# Visual Studio Version 17
VisualStudioVersion = 17.4.33205.214
MinimumVisualStudioVersion = 10.0.40219.1
Project("{FAE04EC0-301F-11D3-BF4B-00C04F79EFBC}") = "6_Bilet", "6_Bilet.csproj", "{59119BB9-5FB4-4821-B1C2-807AB835632A}"
EndProject
Global
	GlobalSection(SolutionConfigurationPlatforms) = preSolution
		Debug|Any CPU = Debug|Any CPU
		Release|Any CPU = Release|Any CPU
	EndGlobalSection
	GlobalSection(ProjectConfigurationPlatforms) = postSolution
		{59119BB9-5FB4-4821-B1C2-807AB835632A}.Debug|Any CPU.ActiveCfg = Debug|Any CPU
		{59119BB9-5FB4-4821-B1C2-807AB835632A}.Debug|Any CPU.Build.0 = Debug|Any CPU
		{59119BB9-5FB4-4821-B1C2-807AB835632A}.Release|Any CPU.ActiveCfg = Release|Any CPU
		{59119BB9-5FB4-4821-B1C2-807AB835632A}.Release|Any CPU.Build.0 = Release|Any CPU
	EndGlobalSection
	GlobalSection(SolutionProperties) = preSolution
		HideSolutionNode = FALSE
	EndGlobalSection
	GlobalSection(ExtensibilityGlobals) = postSolution
		SolutionGuid = {F2EE556E-C73C-49D2-957B-6132ACFDE03A}
	EndGlobalSection
EndGlobal
